
Microsoft Visual Studio Solution File, Format Version 12.00
# Visual Studio Version 17
VisualStudioVersion = 17.7.34031.279
MinimumVisualStudioVersion = 10.0.40219.1
Project("{FAE04EC0-301F-11D3-BF4B-00C04F79EFBC}") = "TheGreatestWarrior", "TheGreatestWarrior\TheGreatestWarrior.csproj", "{8B577A74-33C5-467B-B907-E06154CEBBFA}"
EndProject
Project("{FAE04EC0-301F-11D3-BF4B-00C04F79EFBC}") = "UnitTest", "UnitTest\UnitTest.csproj", "{A5539A32-2185-449B-8B77-770550A961C4}"
EndProject
Global
	GlobalSection(SolutionConfigurationPlatforms) = preSolution
		Debug|Any CPU = Debug|Any CPU
		Release|Any CPU = Release|Any CPU
	EndGlobalSection
	GlobalSection(ProjectConfigurationPlatforms) = postSolution
		{8B577A74-33C5-467B-B907-E06154CEBBFA}.Debug|Any CPU.ActiveCfg = Debug|Any CPU
		{8B577A74-33C5-467B-B907-E06154CEBBFA}.Debug|Any CPU.Build.0 = Debug|Any CPU
		{8B577A74-33C5-467B-B907-E06154CEBBFA}.Release|Any CPU.ActiveCfg = Release|Any CPU
		{8B577A74-33C5-467B-B907-E06154CEBBFA}.Release|Any CPU.Build.0 = Release|Any CPU
		{A5539A32-2185-449B-8B77-770550A961C4}.Debug|Any CPU.ActiveCfg = Debug|Any CPU
		{A5539A32-2185-449B-8B77-770550A961C4}.Debug|Any CPU.Build.0 = Debug|Any CPU
		{A5539A32-2185-449B-8B77-770550A961C4}.Release|Any CPU.ActiveCfg = Release|Any CPU
		{A5539A32-2185-449B-8B77-770550A961C4}.Release|Any CPU.Build.0 = Release|Any CPU
	EndGlobalSection
	GlobalSection(SolutionProperties) = preSolution
		HideSolutionNode = FALSE
	EndGlobalSection
	GlobalSection(ExtensibilityGlobals) = postSolution
		SolutionGuid = {9A3B134B-1704-452E-85B3-C216B4E70672}
	EndGlobalSection
EndGlobal
